// !$*UTF8*$!
{
	archiveVersion = 1;
	classes = {
	};
	objectVersion = 46;
	objects = {

/* Begin PBXBuildFile section */
		4751430D1C20517F00E9AB26 /* main.m in Sources */ = {isa = PBXBuildFile; fileRef = 4751430C1C20517F00E9AB26 /* main.m */; };
		475143101C20517F00E9AB26 /* AppDelegate.m in Sources */ = {isa = PBXBuildFile; fileRef = 4751430F1C20517F00E9AB26 /* AppDelegate.m */; };
		475143131C20517F00E9AB26 /* ViewController.m in Sources */ = {isa = PBXBuildFile; fileRef = 475143121C20517F00E9AB26 /* ViewController.m */; };
		475143161C20517F00E9AB26 /* Main.storyboard in Resources */ = {isa = PBXBuildFile; fileRef = 475143141C20517F00E9AB26 /* Main.storyboard */; };
		475143181C20517F00E9AB26 /* Assets.xcassets in Resources */ = {isa = PBXBuildFile; fileRef = 475143171C20517F00E9AB26 /* Assets.xcassets */; };
		4751431B1C20517F00E9AB26 /* LaunchScreen.storyboard in Resources */ = {isa = PBXBuildFile; fileRef = 475143191C20517F00E9AB26 /* LaunchScreen.storyboard */; };
		475143251C205BA400E9AB26 /* AZMetaBall.m in Sources */ = {isa = PBXBuildFile; fileRef = 475143241C205BA400E9AB26 /* AZMetaBall.m */; };
		475143281C2505C100E9AB26 /* Circle.m in Sources */ = {isa = PBXBuildFile; fileRef = 475143271C2505C100E9AB26 /* Circle.m */; };
/* End PBXBuildFile section */

/* Begin PBXFileReference section */
		475143081C20517F00E9AB26 /* AZMetaBall.app */ = {isa = PBXFileReference; explicitFileType = wrapper.application; includeInIndex = 0; path = AZMetaBall.app; sourceTree = BUILT_PRODUCTS_DIR; };
		4751430C1C20517F00E9AB26 /* main.m */ = {isa = PBXFileReference; lastKnownFileType = sourcecode.c.objc; path = main.m; sourceTree = "<group>"; };
		4751430E1C20517F00E9AB26 /* AppDelegate.h */ = {isa = PBXFileReference; lastKnownFileType = sourcecode.c.h; path = AppDelegate.h; sourceTree = "<group>"; };
		4751430F1C20517F00E9AB26 /* AppDelegate.m */ = {isa = PBXFileReference; lastKnownFileType = sourcecode.c.objc; path = AppDelegate.m; sourceTree = "<group>"; };
		475143111C20517F00E9AB26 /* ViewController.h */ = {isa = PBXFileReference; lastKnownFileType = sourcecode.c.h; path = ViewController.h; sourceTree = "<group>"; };
		475143121C20517F00E9AB26 /* ViewController.m */ = {isa = PBXFileReference; lastKnownFileType = sourcecode.c.objc; path = ViewController.m; sourceTree = "<group>"; };
		475143151C20517F00E9AB26 /* Base */ = {isa = PBXFileReference; lastKnownFileType = file.storyboard; name = Base; path = Base.lproj/Main.storyboard; sourceTree = "<group>"; };
		475143171C20517F00E9AB26 /* Assets.xcassets */ = {isa = PBXFileReference; lastKnownFileType = folder.assetcatalog; path = Assets.xcassets; sourceTree = "<group>"; };
		4751431A1C20517F00E9AB26 /* Base */ = {isa = PBXFileReference; lastKnownFileType = file.storyboard; name = Base; path = Base.lproj/LaunchScreen.storyboard; sourceTree = "<group>"; };
		4751431C1C20517F00E9AB26 /* Info.plist */ = {isa = PBXFileReference; lastKnownFileType = text.plist.xml; path = Info.plist; sourceTree = "<group>"; };
		475143231C205BA400E9AB26 /* AZMetaBall.h */ = {isa = PBXFileReference; fileEncoding = 4; lastKnownFileType = sourcecode.c.h; name = AZMetaBall.h; path = MetaBall/AZMetaBall.h; sourceTree = "<group>"; };
		475143241C205BA400E9AB26 /* AZMetaBall.m */ = {isa = PBXFileReference; fileEncoding = 4; lastKnownFileType = sourcecode.c.objc; name = AZMetaBall.m; path = MetaBall/AZMetaBall.m; sourceTree = "<group>"; };
		475143261C2505C100E9AB26 /* Circle.h */ = {isa = PBXFileReference; fileEncoding = 4; lastKnownFileType = sourcecode.c.h; name = Circle.h; path = MetaBall/Circle.h; sourceTree = "<group>"; };
		475143271C2505C100E9AB26 /* Circle.m */ = {isa = PBXFileReference; fileEncoding = 4; lastKnownFileType = sourcecode.c.objc; name = Circle.m; path = MetaBall/Circle.m; sourceTree = "<group>"; };
/* End PBXFileReference section */

/* Begin PBXFrameworksBuildPhase section */
		475143051C20517F00E9AB26 /* Frameworks */ = {
			isa = PBXFrameworksBuildPhase;
			buildActionMask = 2147483647;
			files = (
			);
			runOnlyForDeploymentPostprocessing = 0;
		};
/* End PBXFrameworksBuildPhase section */

/* Begin PBXGroup section */
		475142FF1C20517F00E9AB26 = {
			isa = PBXGroup;
			children = (
				4751430A1C20517F00E9AB26 /* AZMetaBall */,
				475143091C20517F00E9AB26 /* Products */,
			);
			sourceTree = "<group>";
		};
		475143091C20517F00E9AB26 /* Products */ = {
			isa = PBXGroup;
			children = (
				475143081C20517F00E9AB26 /* AZMetaBall.app */,
			);
			name = Products;
			sourceTree = "<group>";
		};
		4751430A1C20517F00E9AB26 /* AZMetaBall */ = {
			isa = PBXGroup;
			children = (
				475143221C205B6D00E9AB26 /* MetaBall */,
				4751430E1C20517F00E9AB26 /* AppDelegate.h */,
				4751430F1C20517F00E9AB26 /* AppDelegate.m */,
				475143111C20517F00E9AB26 /* ViewController.h */,
				475143121C20517F00E9AB26 /* ViewController.m */,
				475143141C20517F00E9AB26 /* Main.storyboard */,
				475143171C20517F00E9AB26 /* Assets.xcassets */,
				475143191C20517F00E9AB26 /* LaunchScreen.storyboard */,
				4751431C1C20517F00E9AB26 /* Info.plist */,
				4751430B1C20517F00E9AB26 /* Supporting Files */,
			);
			path = AZMetaBall;
			sourceTree = "<group>";
		};
		4751430B1C20517F00E9AB26 /* Supporting Files */ = {
			isa = PBXGroup;
			children = (
				4751430C1C20517F00E9AB26 /* main.m */,
			);
			name = "Supporting Files";
			sourceTree = "<group>";
		};
		475143221C205B6D00E9AB26 /* MetaBall */ = {
			isa = PBXGroup;
			children = (
				475143231C205BA400E9AB26 /* AZMetaBall.h */,
				475143241C205BA400E9AB26 /* AZMetaBall.m */,
				475143261C2505C100E9AB26 /* Circle.h */,
				475143271C2505C100E9AB26 /* Circle.m */,
			);
			name = MetaBall;
			sourceTree = "<group>";
		};
/* End PBXGroup section */

/* Begin PBXNativeTarget section */
		475143071C20517F00E9AB26 /* AZMetaBall */ = {
			isa = PBXNativeTarget;
			buildConfigurationList = 4751431F1C20517F00E9AB26 /* Build configuration list for PBXNativeTarget "AZMetaBall" */;
			buildPhases = (
				475143041C20517F00E9AB26 /* Sources */,
				475143051C20517F00E9AB26 /* Frameworks */,
				475143061C20517F00E9AB26 /* Resources */,
			);
			buildRules = (
			);
			dependencies = (
			);
			name = AZMetaBall;
			productName = AZMetaBall;
			productReference = 475143081C20517F00E9AB26 /* AZMetaBall.app */;
			productType = "com.apple.product-type.application";
		};
/* End PBXNativeTarget section */

/* Begin PBXProject section */
		475143001C20517F00E9AB26 /* Project object */ = {
			isa = PBXProject;
			attributes = {
				LastUpgradeCheck = 0720;
				ORGANIZATIONNAME = "阿曌";
				TargetAttributes = {
					475143071C20517F00E9AB26 = {
						CreatedOnToolsVersion = 7.2;
					};
				};
			};
			buildConfigurationList = 475143031C20517F00E9AB26 /* Build configuration list for PBXProject "AZMetaBall" */;
			compatibilityVersion = "Xcode 3.2";
			developmentRegion = English;
			hasScannedForEncodings = 0;
			knownRegions = (
				en,
				Base,
			);
			mainGroup = 475142FF1C20517F00E9AB26;
			productRefGroup = 475143091C20517F00E9AB26 /* Products */;
			projectDirPath = "";
			projectRoot = "";
			targets = (
				475143071C20517F00E9AB26 /* AZMetaBall */,
			);
		};
/* End PBXProject section */

/* Begin PBXResourcesBuildPhase section */
		475143061C20517F00E9AB26 /* Resources */ = {
			isa = PBXResourcesBuildPhase;
			buildActionMask = 2147483647;
			files = (
				4751431B1C20517F00E9AB26 /* LaunchScreen.storyboard in Resources */,
				475143181C20517F00E9AB26 /* Assets.xcassets in Resources */,
				475143161C20517F00E9AB26 /* Main.storyboard in Resources */,
			);
			runOnlyForDeploymentPostprocessing = 0;
		};
/* End PBXResourcesBuildPhase section */

/* Begin PBXSourcesBuildPhase section */
		475143041C20517F00E9AB26 /* Sources */ = {
			isa = PBXSourcesBuildPhase;
			buildActionMask = 2147483647;
			files = (
				475143251C205BA400E9AB26 /* AZMetaBall.m in Sources */,
				475143131C20517F00E9AB26 /* ViewController.m in Sources */,
				475143281C2505C100E9AB26 /* Circle.m in Sources */,
				475143101C20517F00E9AB26 /* AppDelegate.m in Sources */,
				4751430D1C20517F00E9AB26 /* main.m in Sources */,
			);
			runOnlyForDeploymentPostprocessing = 0;
		};
/* End PBXSourcesBuildPhase section */

/* Begin PBXVariantGroup section */
		475143141C20517F00E9AB26 /* Main.storyboard */ = {
			isa = PBXVariantGroup;
			children = (
				475143151C20517F00E9AB26 /* Base */,
			);
			name = Main.storyboard;
			sourceTree = "<group>";
		};
		475143191C20517F00E9AB26 /* LaunchScreen.storyboard */ = {
			isa = PBXVariantGroup;
			children = (
				4751431A1C20517F00E9AB26 /* Base */,
			);
			name = LaunchScreen.storyboard;
			sourceTree = "<group>";
		};
/* End PBXVariantGroup section */

/* Begin XCBuildConfiguration section */
		4751431D1C20517F00E9AB26 /* Debug */ = {
			isa = XCBuildConfiguration;
			buildSettings = {
				ALWAYS_SEARCH_USER_PATHS = NO;
				CLANG_CXX_LANGUAGE_STANDARD = "gnu++0x";
				CLANG_CXX_LIBRARY = "libc++";
				CLANG_ENABLE_MODULES = YES;
				CLANG_ENABLE_OBJC_ARC = YES;
				CLANG_WARN_BOOL_CONVERSION = YES;
				CLANG_WARN_CONSTANT_CONVERSION = YES;
				CLANG_WARN_DIRECT_OBJC_ISA_USAGE = YES_ERROR;
				CLANG_WARN_EMPTY_BODY = YES;
				CLANG_WARN_ENUM_CONVERSION = YES;
				CLANG_WARN_INT_CONVERSION = YES;
				CLANG_WARN_OBJC_ROOT_CLASS = YES_ERROR;
				CLANG_WARN_UNREACHABLE_CODE = YES;
				CLANG_WARN__DUPLICATE_METHOD_MATCH = YES;
				"CODE_SIGN_IDENTITY[sdk=iphoneos*]" = "iPhone Developer";
				COPY_PHASE_STRIP = NO;
				DEBUG_INFORMATION_FORMAT = dwarf;
				ENABLE_STRICT_OBJC_MSGSEND = YES;
				ENABLE_TESTABILITY = YES;
				GCC_C_LANGUAGE_STANDARD = gnu99;
				GCC_DYNAMIC_NO_PIC = NO;
				GCC_NO_COMMON_BLOCKS = YES;
				GCC_OPTIMIZATION_LEVEL = 0;
				GCC_PREPROCESSOR_DEFINITIONS = (
					"DEBUG=1",
					"$(inherited)",
				);
				GCC_WARN_64_TO_32_BIT_CONVERSION = YES;
				GCC_WARN_ABOUT_RETURN_TYPE = YES_ERROR;
				GCC_WARN_UNDECLARED_SELECTOR = YES;
				GCC_WARN_UNINITIALIZED_AUTOS = YES_AGGRESSIVE;
				GCC_WARN_UNUSED_FUNCTION = YES;
				GCC_WARN_UNUSED_VARIABLE = YES;
				IPHONEOS_DEPLOYMENT_TARGET = 9.2;
				MTL_ENABLE_DEBUG_INFO = YES;
				ONLY_ACTIVE_ARCH = YES;
				SDKROOT = iphoneos;
				TARGETED_DEVICE_FAMILY = "1,2";
			};
			name = Debug;
		};
		4751431E1C20517F00E9AB26 /* Release */ = {
			isa = XCBuildConfiguration;
			buildSettings = {
				ALWAYS_SEARCH_USER_PATHS = NO;
				CLANG_CXX_LANGUAGE_STANDARD = "gnu++0x";
				CLANG_CXX_LIBRARY = "libc++";
				CLANG_ENABLE_MODULES = YES;
				CLANG_ENABLE_OBJC_ARC = YES;
				CLANG_WARN_BOOL_CONVERSION = YES;
				CLANG_WARN_CONSTANT_CONVERSION = YES;
				CLANG_WARN_DIRECT_OBJC_ISA_USAGE = YES_ERROR;
				CLANG_WARN_EMPTY_BODY = YES;
				CLANG_WARN_ENUM_CONVERSION = YES;
				CLANG_WARN_INT_CONVERSION = YES;
				CLANG_WARN_OBJC_ROOT_CLASS = YES_ERROR;
				CLANG_WARN_UNREACHABLE_CODE = YES;
				CLANG_WARN__DUPLICATE_METHOD_MATCH = YES;
				"CODE_SIGN_IDENTITY[sdk=iphoneos*]" = "iPhone Developer";
				COPY_PHASE_STRIP = NO;
				DEBUG_INFORMATION_FORMAT = "dwarf-with-dsym";
				ENABLE_NS_ASSERTIONS = NO;
				ENABLE_STRICT_OBJC_MSGSEND = YES;
				GCC_C_LANGUAGE_STANDARD = gnu99;
				GCC_NO_COMMON_BLOCKS = YES;
				GCC_WARN_64_TO_32_BIT_CONVERSION = YES;
				GCC_WARN_ABOUT_RETURN_TYPE = YES_ERROR;
				GCC_WARN_UNDECLARED_SELECTOR = YES;
				GCC_WARN_UNINITIALIZED_AUTOS = YES_AGGRESSIVE;
				GCC_WARN_UNUSED_FUNCTION = YES;
				GCC_WARN_UNUSED_VARIABLE = YES;
				IPHONEOS_DEPLOYMENT_TARGET = 9.2;
				MTL_ENABLE_DEBUG_INFO = NO;
				SDKROOT = iphoneos;
				TARGETED_DEVICE_FAMILY = "1,2";
				VALIDATE_PRODUCT = YES;
			};
			name = Release;
		};
		475143201C20517F00E9AB26 /* Debug */ = {
			isa = XCBuildConfiguration;
			buildSettings = {
				ASSETCATALOG_COMPILER_APPICON_NAME = AppIcon;
				INFOPLIST_FILE = AZMetaBall/Info.plist;
				LD_RUNPATH_SEARCH_PATHS = "$(inherited) @executable_path/Frameworks";
				PRODUCT_BUNDLE_IDENTIFIER = azz.AZMetaBall;
				PRODUCT_NAME = "$(TARGET_NAME)";
			};
			name = Debug;
		};
		475143211C20517F00E9AB26 /* Release */ = {
			isa = XCBuildConfiguration;
			buildSettings = {
				ASSETCATALOG_COMPILER_APPICON_NAME = AppIcon;
				INFOPLIST_FILE = AZMetaBall/Info.plist;
				LD_RUNPATH_SEARCH_PATHS = "$(inherited) @executable_path/Frameworks";
				PRODUCT_BUNDLE_IDENTIFIER = azz.AZMetaBall;
				PRODUCT_NAME = "$(TARGET_NAME)";
			};
			name = Release;
		};
/* End XCBuildConfiguration section */

/* Begin XCConfigurationList section */
		475143031C20517F00E9AB26 /* Build configuration list for PBXProject "AZMetaBall" */ = {
			isa = XCConfigurationList;
			buildConfigurations = (
				4751431D1C20517F00E9AB26 /* Debug */,
				4751431E1C20517F00E9AB26 /* Release */,
			);
			defaultConfigurationIsVisible = 0;
			defaultConfigurationName = Release;
		};
		4751431F1C20517F00E9AB26 /* Build configuration list for PBXNativeTarget "AZMetaBall" */ = {
			isa = XCConfigurationList;
			buildConfigurations = (
				475143201C20517F00E9AB26 /* Debug */,
				475143211C20517F00E9AB26 /* Release */,
			);
			defaultConfigurationIsVisible = 0;
		};
/* End XCConfigurationList section */
	};
	rootObject = 475143001C20517F00E9AB26 /* Project object */;
}
